
Microsoft Visual Studio Solution File, Format Version 12.00
# Visual Studio 2013
VisualStudioVersion = 12.0.21005.1
MinimumVisualStudioVersion = 10.0.40219.1
Project("{FAE04EC0-301F-11D3-BF4B-00C04F79EFBC}") = "DocumentDb.Repository", "DocumentDb.Repository\DocumentDb.Repository.csproj", "{62596E13-D1C1-45B5-8D66-5B0F7375C47D}"
EndProject
Project("{2150E333-8FDC-42A3-9474-1A3956D46DE8}") = "Samples", "Samples", "{5364877A-FA17-4D8F-B04B-53BA581F90D1}"
EndProject
Project("{FAE04EC0-301F-11D3-BF4B-00C04F79EFBC}") = "DocumentDb.Repository.Samples", "DocumentDb.Repository.Samples\DocumentDb.Repository.Samples.csproj", "{60F50EFC-5DEB-4E56-A89A-BFC1AE151127}"
EndProject
Global
	GlobalSection(SolutionConfigurationPlatforms) = preSolution
		Debug|Any CPU = Debug|Any CPU
		Release|Any CPU = Release|Any CPU
	EndGlobalSection
	GlobalSection(ProjectConfigurationPlatforms) = postSolution
		{62596E13-D1C1-45B5-8D66-5B0F7375C47D}.Debug|Any CPU.ActiveCfg = Debug|Any CPU
		{62596E13-D1C1-45B5-8D66-5B0F7375C47D}.Debug|Any CPU.Build.0 = Debug|Any CPU
		{62596E13-D1C1-45B5-8D66-5B0F7375C47D}.Release|Any CPU.ActiveCfg = Release|Any CPU
		{62596E13-D1C1-45B5-8D66-5B0F7375C47D}.Release|Any CPU.Build.0 = Release|Any CPU
		{60F50EFC-5DEB-4E56-A89A-BFC1AE151127}.Debug|Any CPU.ActiveCfg = Debug|Any CPU
		{60F50EFC-5DEB-4E56-A89A-BFC1AE151127}.Debug|Any CPU.Build.0 = Debug|Any CPU
		{60F50EFC-5DEB-4E56-A89A-BFC1AE151127}.Release|Any CPU.ActiveCfg = Release|Any CPU
		{60F50EFC-5DEB-4E56-A89A-BFC1AE151127}.Release|Any CPU.Build.0 = Release|Any CPU
	EndGlobalSection
	GlobalSection(SolutionProperties) = preSolution
		HideSolutionNode = FALSE
	EndGlobalSection
	GlobalSection(NestedProjects) = preSolution
		{60F50EFC-5DEB-4E56-A89A-BFC1AE151127} = {5364877A-FA17-4D8F-B04B-53BA581F90D1}
	EndGlobalSection
EndGlobal
